
Microsoft Visual Studio Solution File, Format Version 12.00
# Visual Studio 15
Project("{FAE04EC0-301F-11D3-BF4B-00C04F79EFBC}") = "Assembly-CSharp", "Assembly-CSharp.csproj", "{6A6FEE84-7A20-CF30-E782-5FCBC8BD4CFA}"
EndProject
Project("{FAE04EC0-301F-11D3-BF4B-00C04F79EFBC}") = "NavMeshComponents", "NavMeshComponents.csproj", "{54D34E39-C3C2-3C6A-C497-E3CDEE385B59}"
EndProject
Project("{FAE04EC0-301F-11D3-BF4B-00C04F79EFBC}") = "NavMeshComponentsEditor", "NavMeshComponentsEditor.csproj", "{EFC6B196-C01A-A982-6B79-DCFFA55FC676}"
EndProject
Global
	GlobalSection(SolutionConfigurationPlatforms) = preSolution
		Debug|Any CPU = Debug|Any CPU
		Release|Any CPU = Release|Any CPU
	EndGlobalSection
	GlobalSection(ProjectConfigurationPlatforms) = postSolution
		{6A6FEE84-7A20-CF30-E782-5FCBC8BD4CFA}.Debug|Any CPU.ActiveCfg = Debug|Any CPU
		{6A6FEE84-7A20-CF30-E782-5FCBC8BD4CFA}.Debug|Any CPU.Build.0 = Debug|Any CPU
		{6A6FEE84-7A20-CF30-E782-5FCBC8BD4CFA}.Release|Any CPU.ActiveCfg = Release|Any CPU
		{6A6FEE84-7A20-CF30-E782-5FCBC8BD4CFA}.Release|Any CPU.Build.0 = Release|Any CPU
		{54D34E39-C3C2-3C6A-C497-E3CDEE385B59}.Debug|Any CPU.ActiveCfg = Debug|Any CPU
		{54D34E39-C3C2-3C6A-C497-E3CDEE385B59}.Debug|Any CPU.Build.0 = Debug|Any CPU
		{54D34E39-C3C2-3C6A-C497-E3CDEE385B59}.Release|Any CPU.ActiveCfg = Release|Any CPU
		{54D34E39-C3C2-3C6A-C497-E3CDEE385B59}.Release|Any CPU.Build.0 = Release|Any CPU
		{EFC6B196-C01A-A982-6B79-DCFFA55FC676}.Debug|Any CPU.ActiveCfg = Debug|Any CPU
		{EFC6B196-C01A-A982-6B79-DCFFA55FC676}.Debug|Any CPU.Build.0 = Debug|Any CPU
		{EFC6B196-C01A-A982-6B79-DCFFA55FC676}.Release|Any CPU.ActiveCfg = Release|Any CPU
		{EFC6B196-C01A-A982-6B79-DCFFA55FC676}.Release|Any CPU.Build.0 = Release|Any CPU
	EndGlobalSection
	GlobalSection(SolutionProperties) = preSolution
		HideSolutionNode = FALSE
	EndGlobalSection
EndGlobal
